
Microsoft Visual Studio Solution File, Format Version 12.00
# Visual Studio Version 16
VisualStudioVersion = 16.0.29306.81
MinimumVisualStudioVersion = 10.0.40219.1
Project("{FAE04EC0-301F-11D3-BF4B-00C04F79EFBC}") = "Insektor", "Insektor\Insektor.csproj", "{70609DBF-A871-407B-9616-C98FC4DAD1E5}"
EndProject
Project("{FAE04EC0-301F-11D3-BF4B-00C04F79EFBC}") = "InsektorComm", "InsektorComm\InsektorComm.csproj", "{053DBB1B-6956-454D-BEBA-3094F9D433B7}"
EndProject
Global
	GlobalSection(SolutionConfigurationPlatforms) = preSolution
		Debug|Any CPU = Debug|Any CPU
		Release|Any CPU = Release|Any CPU
	EndGlobalSection
	GlobalSection(ProjectConfigurationPlatforms) = postSolution
		{70609DBF-A871-407B-9616-C98FC4DAD1E5}.Debug|Any CPU.ActiveCfg = Debug|Any CPU
		{70609DBF-A871-407B-9616-C98FC4DAD1E5}.Debug|Any CPU.Build.0 = Debug|Any CPU
		{70609DBF-A871-407B-9616-C98FC4DAD1E5}.Release|Any CPU.ActiveCfg = Release|Any CPU
		{70609DBF-A871-407B-9616-C98FC4DAD1E5}.Release|Any CPU.Build.0 = Release|Any CPU
		{053DBB1B-6956-454D-BEBA-3094F9D433B7}.Debug|Any CPU.ActiveCfg = Debug|Any CPU
		{053DBB1B-6956-454D-BEBA-3094F9D433B7}.Debug|Any CPU.Build.0 = Debug|Any CPU
		{053DBB1B-6956-454D-BEBA-3094F9D433B7}.Release|Any CPU.ActiveCfg = Release|Any CPU
		{053DBB1B-6956-454D-BEBA-3094F9D433B7}.Release|Any CPU.Build.0 = Release|Any CPU
	EndGlobalSection
	GlobalSection(SolutionProperties) = preSolution
		HideSolutionNode = FALSE
	EndGlobalSection
	GlobalSection(ExtensibilityGlobals) = postSolution
		SolutionGuid = {D1C19D26-5725-451F-BACA-46B8202DB45B}
	EndGlobalSection
EndGlobal
